{
  "name": "vue-project",
  "version": "1.0.0",
  "lockfileVersion": 1,
  "requires": true,
  "dependencies": {
    "velocity-animate": {
      "version": "1.5.1",
      "resolved": "https://registry.npmjs.org/velocity-animate/-/velocity-animate-1.5.1.tgz",
      "integrity": "sha512-VJ3csMz5zP1ifkbBlsNYpxnoWkPHfVRQ8tUongS78W5DxSGHB68pjYHDTgUYBkVM7P/HpYdVukgVUFcxjr1gGg=="
    },
    "vue-notification": {
      "version": "1.3.7",
      "resolved": "https://registry.npmjs.org/vue-notification/-/vue-notification-1.3.7.tgz",
      "integrity": "sha512-9Z5LBWz7qbHS8LjrEsUqqTBCPjHYIgfU9jG2QY7TcNWaB5QPVFKLJcPKUUoan1tpqk0ngJGX4pjSzoPt6vcShQ==",
      "requires": {
        "velocity-animate": "1.5.1"
      }
    }
  }
}
